
Microsoft Visual Studio Solution File, Format Version 12.00
# Visual Studio Version 16
VisualStudioVersion = 16.6.30114.105
MinimumVisualStudioVersion = 10.0.40219.1
Project("{2150E333-8FDC-42A3-9474-1A3956D46DE8}") = "Services", "Services", "{FCDEB17F-18AC-4777-8B3C-D7B38ED1E39D}"
EndProject
Project("{2150E333-8FDC-42A3-9474-1A3956D46DE8}") = "Catalog", "Catalog", "{F3A4C690-CA97-4DEC-975E-75FC620054AA}"
EndProject
Project("{9A19103F-16F7-4668-BE54-9A1E7A4F7556}") = "Catalog.API", "Services\Catalog\Catalog.API\Catalog.API.csproj", "{805CCF00-CE94-4A43-8825-E8341D86BAAC}"
EndProject
Project("{E53339B2-1760-4266-BCC7-CA923CBCF16C}") = "docker-compose", "docker-compose.dcproj", "{B015FF31-AEBF-4F9A-A138-626833114FF3}"
EndProject
Project("{2150E333-8FDC-42A3-9474-1A3956D46DE8}") = "Basket", "Basket", "{1C9EAD4B-BD03-4E91-825F-FAA1B26BE1B5}"
EndProject
Project("{FAE04EC0-301F-11D3-BF4B-00C04F79EFBC}") = "Basket.API", "Services\Basket\Basket.API\Basket.API.csproj", "{367CE940-169B-4DE4-ADD2-80D4917B25A9}"
EndProject
Project("{2150E333-8FDC-42A3-9474-1A3956D46DE8}") = "Discount", "Discount", "{CC00445C-FB69-4290-B8F2-CCB86A616CDB}"
EndProject
Project("{FAE04EC0-301F-11D3-BF4B-00C04F79EFBC}") = "DIscount.API", "Services\Discount\Discount.API\DIscount.API.csproj", "{99D680F6-ABEF-418D-8D84-4A78A71625BE}"
EndProject
Project("{FAE04EC0-301F-11D3-BF4B-00C04F79EFBC}") = "Discount.Grpc", "Services\Discount\Discount.Grpc\Discount.Grpc.csproj", "{8E3BAB96-37C0-49B4-B80F-87403D2E10C4}"
EndProject
Project("{2150E333-8FDC-42A3-9474-1A3956D46DE8}") = "Ordering", "Ordering", "{E3FFE070-B174-49CA-B955-177993055BF4}"
EndProject
Project("{FAE04EC0-301F-11D3-BF4B-00C04F79EFBC}") = "Ordering.API", "Services\Ordering\Ordering.API\Ordering.API.csproj", "{532E39B7-AAF9-43FD-918E-5B07557B742A}"
EndProject
Project("{FAE04EC0-301F-11D3-BF4B-00C04F79EFBC}") = "Ordering.Domain", "Services\Ordering\Ordering.Domain\Ordering.Domain.csproj", "{4B1B55E3-6363-48D4-9A3F-C55C69917789}"
EndProject
Project("{FAE04EC0-301F-11D3-BF4B-00C04F79EFBC}") = "Ordering.Application", "Services\Ordering\Ordering.Application\Ordering.Application.csproj", "{B36188EF-222B-4795-AAB7-C081A2A85B8F}"
EndProject
Project("{FAE04EC0-301F-11D3-BF4B-00C04F79EFBC}") = "Ordering.Infrastructure", "Services\Ordering\Ordering.Infrastructure\Ordering.Infrastructure.csproj", "{834AB6F8-B579-433F-9E9B-5C6B394EB392}"
EndProject
Global
	GlobalSection(SolutionConfigurationPlatforms) = preSolution
		Debug|Any CPU = Debug|Any CPU
		Debug|x64 = Debug|x64
		Debug|x86 = Debug|x86
		Release|Any CPU = Release|Any CPU
		Release|x64 = Release|x64
		Release|x86 = Release|x86
	EndGlobalSection
	GlobalSection(ProjectConfigurationPlatforms) = postSolution
		{805CCF00-CE94-4A43-8825-E8341D86BAAC}.Debug|Any CPU.ActiveCfg = Debug|Any CPU
		{805CCF00-CE94-4A43-8825-E8341D86BAAC}.Debug|Any CPU.Build.0 = Debug|Any CPU
		{805CCF00-CE94-4A43-8825-E8341D86BAAC}.Debug|x64.ActiveCfg = Debug|Any CPU
		{805CCF00-CE94-4A43-8825-E8341D86BAAC}.Debug|x64.Build.0 = Debug|Any CPU
		{805CCF00-CE94-4A43-8825-E8341D86BAAC}.Debug|x86.ActiveCfg = Debug|Any CPU
		{805CCF00-CE94-4A43-8825-E8341D86BAAC}.Debug|x86.Build.0 = Debug|Any CPU
		{805CCF00-CE94-4A43-8825-E8341D86BAAC}.Release|Any CPU.ActiveCfg = Release|Any CPU
		{805CCF00-CE94-4A43-8825-E8341D86BAAC}.Release|Any CPU.Build.0 = Release|Any CPU
		{805CCF00-CE94-4A43-8825-E8341D86BAAC}.Release|x64.ActiveCfg = Release|Any CPU
		{805CCF00-CE94-4A43-8825-E8341D86BAAC}.Release|x64.Build.0 = Release|Any CPU
		{805CCF00-CE94-4A43-8825-E8341D86BAAC}.Release|x86.ActiveCfg = Release|Any CPU
		{805CCF00-CE94-4A43-8825-E8341D86BAAC}.Release|x86.Build.0 = Release|Any CPU
		{B015FF31-AEBF-4F9A-A138-626833114FF3}.Debug|Any CPU.ActiveCfg = Debug|Any CPU
		{B015FF31-AEBF-4F9A-A138-626833114FF3}.Debug|Any CPU.Build.0 = Debug|Any CPU
		{B015FF31-AEBF-4F9A-A138-626833114FF3}.Debug|x64.ActiveCfg = Debug|Any CPU
		{B015FF31-AEBF-4F9A-A138-626833114FF3}.Debug|x64.Build.0 = Debug|Any CPU
		{B015FF31-AEBF-4F9A-A138-626833114FF3}.Debug|x86.ActiveCfg = Debug|Any CPU
		{B015FF31-AEBF-4F9A-A138-626833114FF3}.Debug|x86.Build.0 = Debug|Any CPU
		{B015FF31-AEBF-4F9A-A138-626833114FF3}.Release|Any CPU.ActiveCfg = Release|Any CPU
		{B015FF31-AEBF-4F9A-A138-626833114FF3}.Release|Any CPU.Build.0 = Release|Any CPU
		{B015FF31-AEBF-4F9A-A138-626833114FF3}.Release|x64.ActiveCfg = Release|Any CPU
		{B015FF31-AEBF-4F9A-A138-626833114FF3}.Release|x64.Build.0 = Release|Any CPU
		{B015FF31-AEBF-4F9A-A138-626833114FF3}.Release|x86.ActiveCfg = Release|Any CPU
		{B015FF31-AEBF-4F9A-A138-626833114FF3}.Release|x86.Build.0 = Release|Any CPU
		{367CE940-169B-4DE4-ADD2-80D4917B25A9}.Debug|Any CPU.ActiveCfg = Debug|Any CPU
		{367CE940-169B-4DE4-ADD2-80D4917B25A9}.Debug|Any CPU.Build.0 = Debug|Any CPU
		{367CE940-169B-4DE4-ADD2-80D4917B25A9}.Debug|x64.ActiveCfg = Debug|Any CPU
		{367CE940-169B-4DE4-ADD2-80D4917B25A9}.Debug|x64.Build.0 = Debug|Any CPU
		{367CE940-169B-4DE4-ADD2-80D4917B25A9}.Debug|x86.ActiveCfg = Debug|Any CPU
		{367CE940-169B-4DE4-ADD2-80D4917B25A9}.Debug|x86.Build.0 = Debug|Any CPU
		{367CE940-169B-4DE4-ADD2-80D4917B25A9}.Release|Any CPU.ActiveCfg = Release|Any CPU
		{367CE940-169B-4DE4-ADD2-80D4917B25A9}.Release|Any CPU.Build.0 = Release|Any CPU
		{367CE940-169B-4DE4-ADD2-80D4917B25A9}.Release|x64.ActiveCfg = Release|Any CPU
		{367CE940-169B-4DE4-ADD2-80D4917B25A9}.Release|x64.Build.0 = Release|Any CPU
		{367CE940-169B-4DE4-ADD2-80D4917B25A9}.Release|x86.ActiveCfg = Release|Any CPU
		{367CE940-169B-4DE4-ADD2-80D4917B25A9}.Release|x86.Build.0 = Release|Any CPU
		{99D680F6-ABEF-418D-8D84-4A78A71625BE}.Debug|Any CPU.ActiveCfg = Debug|Any CPU
		{99D680F6-ABEF-418D-8D84-4A78A71625BE}.Debug|Any CPU.Build.0 = Debug|Any CPU
		{99D680F6-ABEF-418D-8D84-4A78A71625BE}.Debug|x64.ActiveCfg = Debug|Any CPU
		{99D680F6-ABEF-418D-8D84-4A78A71625BE}.Debug|x64.Build.0 = Debug|Any CPU
		{99D680F6-ABEF-418D-8D84-4A78A71625BE}.Debug|x86.ActiveCfg = Debug|Any CPU
		{99D680F6-ABEF-418D-8D84-4A78A71625BE}.Debug|x86.Build.0 = Debug|Any CPU
		{99D680F6-ABEF-418D-8D84-4A78A71625BE}.Release|Any CPU.ActiveCfg = Release|Any CPU
		{99D680F6-ABEF-418D-8D84-4A78A71625BE}.Release|Any CPU.Build.0 = Release|Any CPU
		{99D680F6-ABEF-418D-8D84-4A78A71625BE}.Release|x64.ActiveCfg = Release|Any CPU
		{99D680F6-ABEF-418D-8D84-4A78A71625BE}.Release|x64.Build.0 = Release|Any CPU
		{99D680F6-ABEF-418D-8D84-4A78A71625BE}.Release|x86.ActiveCfg = Release|Any CPU
		{99D680F6-ABEF-418D-8D84-4A78A71625BE}.Release|x86.Build.0 = Release|Any CPU
		{8E3BAB96-37C0-49B4-B80F-87403D2E10C4}.Debug|Any CPU.ActiveCfg = Debug|Any CPU
		{8E3BAB96-37C0-49B4-B80F-87403D2E10C4}.Debug|Any CPU.Build.0 = Debug|Any CPU
		{8E3BAB96-37C0-49B4-B80F-87403D2E10C4}.Debug|x64.ActiveCfg = Debug|Any CPU
		{8E3BAB96-37C0-49B4-B80F-87403D2E10C4}.Debug|x64.Build.0 = Debug|Any CPU
		{8E3BAB96-37C0-49B4-B80F-87403D2E10C4}.Debug|x86.ActiveCfg = Debug|Any CPU
		{8E3BAB96-37C0-49B4-B80F-87403D2E10C4}.Debug|x86.Build.0 = Debug|Any CPU
		{8E3BAB96-37C0-49B4-B80F-87403D2E10C4}.Release|Any CPU.ActiveCfg = Release|Any CPU
		{8E3BAB96-37C0-49B4-B80F-87403D2E10C4}.Release|Any CPU.Build.0 = Release|Any CPU
		{8E3BAB96-37C0-49B4-B80F-87403D2E10C4}.Release|x64.ActiveCfg = Release|Any CPU
		{8E3BAB96-37C0-49B4-B80F-87403D2E10C4}.Release|x64.Build.0 = Release|Any CPU
		{8E3BAB96-37C0-49B4-B80F-87403D2E10C4}.Release|x86.ActiveCfg = Release|Any CPU
		{8E3BAB96-37C0-49B4-B80F-87403D2E10C4}.Release|x86.Build.0 = Release|Any CPU
		{532E39B7-AAF9-43FD-918E-5B07557B742A}.Debug|Any CPU.ActiveCfg = Debug|Any CPU
		{532E39B7-AAF9-43FD-918E-5B07557B742A}.Debug|Any CPU.Build.0 = Debug|Any CPU
		{532E39B7-AAF9-43FD-918E-5B07557B742A}.Debug|x64.ActiveCfg = Debug|Any CPU
		{532E39B7-AAF9-43FD-918E-5B07557B742A}.Debug|x64.Build.0 = Debug|Any CPU
		{532E39B7-AAF9-43FD-918E-5B07557B742A}.Debug|x86.ActiveCfg = Debug|Any CPU
		{532E39B7-AAF9-43FD-918E-5B07557B742A}.Debug|x86.Build.0 = Debug|Any CPU
		{532E39B7-AAF9-43FD-918E-5B07557B742A}.Release|Any CPU.ActiveCfg = Release|Any CPU
		{532E39B7-AAF9-43FD-918E-5B07557B742A}.Release|Any CPU.Build.0 = Release|Any CPU
		{532E39B7-AAF9-43FD-918E-5B07557B742A}.Release|x64.ActiveCfg = Release|Any CPU
		{532E39B7-AAF9-43FD-918E-5B07557B742A}.Release|x64.Build.0 = Release|Any CPU
		{532E39B7-AAF9-43FD-918E-5B07557B742A}.Release|x86.ActiveCfg = Release|Any CPU
		{532E39B7-AAF9-43FD-918E-5B07557B742A}.Release|x86.Build.0 = Release|Any CPU
		{4B1B55E3-6363-48D4-9A3F-C55C69917789}.Debug|Any CPU.ActiveCfg = Debug|Any CPU
		{4B1B55E3-6363-48D4-9A3F-C55C69917789}.Debug|Any CPU.Build.0 = Debug|Any CPU
		{4B1B55E3-6363-48D4-9A3F-C55C69917789}.Debug|x64.ActiveCfg = Debug|Any CPU
		{4B1B55E3-6363-48D4-9A3F-C55C69917789}.Debug|x64.Build.0 = Debug|Any CPU
		{4B1B55E3-6363-48D4-9A3F-C55C69917789}.Debug|x86.ActiveCfg = Debug|Any CPU
		{4B1B55E3-6363-48D4-9A3F-C55C69917789}.Debug|x86.Build.0 = Debug|Any CPU
		{4B1B55E3-6363-48D4-9A3F-C55C69917789}.Release|Any CPU.ActiveCfg = Release|Any CPU
		{4B1B55E3-6363-48D4-9A3F-C55C69917789}.Release|Any CPU.Build.0 = Release|Any CPU
		{4B1B55E3-6363-48D4-9A3F-C55C69917789}.Release|x64.ActiveCfg = Release|Any CPU
		{4B1B55E3-6363-48D4-9A3F-C55C69917789}.Release|x64.Build.0 = Release|Any CPU
		{4B1B55E3-6363-48D4-9A3F-C55C69917789}.Release|x86.ActiveCfg = Release|Any CPU
		{4B1B55E3-6363-48D4-9A3F-C55C69917789}.Release|x86.Build.0 = Release|Any CPU
		{B36188EF-222B-4795-AAB7-C081A2A85B8F}.Debug|Any CPU.ActiveCfg = Debug|Any CPU
		{B36188EF-222B-4795-AAB7-C081A2A85B8F}.Debug|Any CPU.Build.0 = Debug|Any CPU
		{B36188EF-222B-4795-AAB7-C081A2A85B8F}.Debug|x64.ActiveCfg = Debug|Any CPU
		{B36188EF-222B-4795-AAB7-C081A2A85B8F}.Debug|x64.Build.0 = Debug|Any CPU
		{B36188EF-222B-4795-AAB7-C081A2A85B8F}.Debug|x86.ActiveCfg = Debug|Any CPU
		{B36188EF-222B-4795-AAB7-C081A2A85B8F}.Debug|x86.Build.0 = Debug|Any CPU
		{B36188EF-222B-4795-AAB7-C081A2A85B8F}.Release|Any CPU.ActiveCfg = Release|Any CPU
		{B36188EF-222B-4795-AAB7-C081A2A85B8F}.Release|Any CPU.Build.0 = Release|Any CPU
		{B36188EF-222B-4795-AAB7-C081A2A85B8F}.Release|x64.ActiveCfg = Release|Any CPU
		{B36188EF-222B-4795-AAB7-C081A2A85B8F}.Release|x64.Build.0 = Release|Any CPU
		{B36188EF-222B-4795-AAB7-C081A2A85B8F}.Release|x86.ActiveCfg = Release|Any CPU
		{B36188EF-222B-4795-AAB7-C081A2A85B8F}.Release|x86.Build.0 = Release|Any CPU
		{834AB6F8-B579-433F-9E9B-5C6B394EB392}.Debug|Any CPU.ActiveCfg = Debug|Any CPU
		{834AB6F8-B579-433F-9E9B-5C6B394EB392}.Debug|Any CPU.Build.0 = Debug|Any CPU
		{834AB6F8-B579-433F-9E9B-5C6B394EB392}.Debug|x64.ActiveCfg = Debug|Any CPU
		{834AB6F8-B579-433F-9E9B-5C6B394EB392}.Debug|x64.Build.0 = Debug|Any CPU
		{834AB6F8-B579-433F-9E9B-5C6B394EB392}.Debug|x86.ActiveCfg = Debug|Any CPU
		{834AB6F8-B579-433F-9E9B-5C6B394EB392}.Debug|x86.Build.0 = Debug|Any CPU
		{834AB6F8-B579-433F-9E9B-5C6B394EB392}.Release|Any CPU.ActiveCfg = Release|Any CPU
		{834AB6F8-B579-433F-9E9B-5C6B394EB392}.Release|Any CPU.Build.0 = Release|Any CPU
		{834AB6F8-B579-433F-9E9B-5C6B394EB392}.Release|x64.ActiveCfg = Release|Any CPU
		{834AB6F8-B579-433F-9E9B-5C6B394EB392}.Release|x64.Build.0 = Release|Any CPU
		{834AB6F8-B579-433F-9E9B-5C6B394EB392}.Release|x86.ActiveCfg = Release|Any CPU
		{834AB6F8-B579-433F-9E9B-5C6B394EB392}.Release|x86.Build.0 = Release|Any CPU
	EndGlobalSection
	GlobalSection(SolutionProperties) = preSolution
		HideSolutionNode = FALSE
	EndGlobalSection
	GlobalSection(NestedProjects) = preSolution
		{F3A4C690-CA97-4DEC-975E-75FC620054AA} = {FCDEB17F-18AC-4777-8B3C-D7B38ED1E39D}
		{805CCF00-CE94-4A43-8825-E8341D86BAAC} = {F3A4C690-CA97-4DEC-975E-75FC620054AA}
		{1C9EAD4B-BD03-4E91-825F-FAA1B26BE1B5} = {FCDEB17F-18AC-4777-8B3C-D7B38ED1E39D}
		{367CE940-169B-4DE4-ADD2-80D4917B25A9} = {1C9EAD4B-BD03-4E91-825F-FAA1B26BE1B5}
		{CC00445C-FB69-4290-B8F2-CCB86A616CDB} = {FCDEB17F-18AC-4777-8B3C-D7B38ED1E39D}
		{99D680F6-ABEF-418D-8D84-4A78A71625BE} = {CC00445C-FB69-4290-B8F2-CCB86A616CDB}
		{8E3BAB96-37C0-49B4-B80F-87403D2E10C4} = {CC00445C-FB69-4290-B8F2-CCB86A616CDB}
		{E3FFE070-B174-49CA-B955-177993055BF4} = {FCDEB17F-18AC-4777-8B3C-D7B38ED1E39D}
		{532E39B7-AAF9-43FD-918E-5B07557B742A} = {E3FFE070-B174-49CA-B955-177993055BF4}
		{4B1B55E3-6363-48D4-9A3F-C55C69917789} = {E3FFE070-B174-49CA-B955-177993055BF4}
		{B36188EF-222B-4795-AAB7-C081A2A85B8F} = {E3FFE070-B174-49CA-B955-177993055BF4}
		{834AB6F8-B579-433F-9E9B-5C6B394EB392} = {E3FFE070-B174-49CA-B955-177993055BF4}
	EndGlobalSection
	GlobalSection(ExtensibilityGlobals) = postSolution
		SolutionGuid = {785CB223-5578-431F-AE44-F08C75E7C8C5}
	EndGlobalSection
EndGlobal
